
Microsoft Visual Studio Solution File, Format Version 12.00
# Visual Studio 15
VisualStudioVersion = 15.0.26430.4
MinimumVisualStudioVersion = 10.0.40219.1
Project("{FAE04EC0-301F-11D3-BF4B-00C04F79EFBC}") = "Ofl.Search", "src\Ofl.Search\Ofl.Search.csproj", "{F6D4E0A4-1C32-4A66-838F-97459E0F47E3}"
EndProject
Project("{2150E333-8FDC-42A3-9474-1A3956D46DE8}") = "src", "src", "{032D439F-D597-4C96-9122-D0F62F24D93B}"
EndProject
Project("{2150E333-8FDC-42A3-9474-1A3956D46DE8}") = "test", "test", "{BAEA1C3E-4BA0-4DF5-9247-718C8C8301D8}"
EndProject
Project("{9A19103F-16F7-4668-BE54-9A1E7A4F7556}") = "Ofl.Search.Tests", "test\Ofl.Search.Tests\Ofl.Search.Tests.csproj", "{03FB04CE-A860-47BB-B369-186A76CF8555}"
EndProject
Global
	GlobalSection(SolutionConfigurationPlatforms) = preSolution
		Debug|Any CPU = Debug|Any CPU
		Release|Any CPU = Release|Any CPU
	EndGlobalSection
	GlobalSection(ProjectConfigurationPlatforms) = postSolution
		{F6D4E0A4-1C32-4A66-838F-97459E0F47E3}.Debug|Any CPU.ActiveCfg = Debug|Any CPU
		{F6D4E0A4-1C32-4A66-838F-97459E0F47E3}.Debug|Any CPU.Build.0 = Debug|Any CPU
		{F6D4E0A4-1C32-4A66-838F-97459E0F47E3}.Release|Any CPU.ActiveCfg = Release|Any CPU
		{F6D4E0A4-1C32-4A66-838F-97459E0F47E3}.Release|Any CPU.Build.0 = Release|Any CPU
		{03FB04CE-A860-47BB-B369-186A76CF8555}.Debug|Any CPU.ActiveCfg = Debug|Any CPU
		{03FB04CE-A860-47BB-B369-186A76CF8555}.Debug|Any CPU.Build.0 = Debug|Any CPU
		{03FB04CE-A860-47BB-B369-186A76CF8555}.Release|Any CPU.ActiveCfg = Release|Any CPU
		{03FB04CE-A860-47BB-B369-186A76CF8555}.Release|Any CPU.Build.0 = Release|Any CPU
	EndGlobalSection
	GlobalSection(SolutionProperties) = preSolution
		HideSolutionNode = FALSE
	EndGlobalSection
	GlobalSection(NestedProjects) = preSolution
		{F6D4E0A4-1C32-4A66-838F-97459E0F47E3} = {032D439F-D597-4C96-9122-D0F62F24D93B}
		{03FB04CE-A860-47BB-B369-186A76CF8555} = {BAEA1C3E-4BA0-4DF5-9247-718C8C8301D8}
	EndGlobalSection
EndGlobal
